
Microsoft Visual Studio Solution File, Format Version 12.00
# Visual Studio Version 17
VisualStudioVersion = 17.1.32210.238
MinimumVisualStudioVersion = 10.0.40219.1
Project("{FAE04EC0-301F-11D3-BF4B-00C04F79EFBC}") = "AutoLotDAL2", "AutoLotDAL2\AutoLotDAL2.csproj", "{0395BD8A-DA67-48FF-92BB-54D9A92DCB57}"
EndProject
Global
	GlobalSection(SolutionConfigurationPlatforms) = preSolution
		Debug|Any CPU = Debug|Any CPU
		Release|Any CPU = Release|Any CPU
	EndGlobalSection
	GlobalSection(ProjectConfigurationPlatforms) = postSolution
		{0395BD8A-DA67-48FF-92BB-54D9A92DCB57}.Debug|Any CPU.ActiveCfg = Debug|Any CPU
		{0395BD8A-DA67-48FF-92BB-54D9A92DCB57}.Debug|Any CPU.Build.0 = Debug|Any CPU
		{0395BD8A-DA67-48FF-92BB-54D9A92DCB57}.Release|Any CPU.ActiveCfg = Release|Any CPU
		{0395BD8A-DA67-48FF-92BB-54D9A92DCB57}.Release|Any CPU.Build.0 = Release|Any CPU
	EndGlobalSection
	GlobalSection(SolutionProperties) = preSolution
		HideSolutionNode = FALSE
	EndGlobalSection
	GlobalSection(ExtensibilityGlobals) = postSolution
		SolutionGuid = {55820336-BD8C-4353-80BA-AE14CC98E4E0}
	EndGlobalSection
EndGlobal
