
Microsoft Visual Studio Solution File, Format Version 12.00
# Visual Studio Version 17
VisualStudioVersion = 17.1.32210.238
MinimumVisualStudioVersion = 10.0.40219.1
Project("{FAE04EC0-301F-11D3-BF4B-00C04F79EFBC}") = "RenderingWithShapes", "RenderingWithShapes\RenderingWithShapes.csproj", "{E1AC2FF7-7E51-48FC-92B4-84AC2A8F965E}"
EndProject
Global
	GlobalSection(SolutionConfigurationPlatforms) = preSolution
		Debug|Any CPU = Debug|Any CPU
		Release|Any CPU = Release|Any CPU
	EndGlobalSection
	GlobalSection(ProjectConfigurationPlatforms) = postSolution
		{E1AC2FF7-7E51-48FC-92B4-84AC2A8F965E}.Debug|Any CPU.ActiveCfg = Debug|Any CPU
		{E1AC2FF7-7E51-48FC-92B4-84AC2A8F965E}.Debug|Any CPU.Build.0 = Debug|Any CPU
		{E1AC2FF7-7E51-48FC-92B4-84AC2A8F965E}.Release|Any CPU.ActiveCfg = Release|Any CPU
		{E1AC2FF7-7E51-48FC-92B4-84AC2A8F965E}.Release|Any CPU.Build.0 = Release|Any CPU
	EndGlobalSection
	GlobalSection(SolutionProperties) = preSolution
		HideSolutionNode = FALSE
	EndGlobalSection
	GlobalSection(ExtensibilityGlobals) = postSolution
		SolutionGuid = {F90DD613-B08B-4240-907A-5D2E063C16E9}
	EndGlobalSection
EndGlobal
