
Microsoft Visual Studio Solution File, Format Version 12.00
# Visual Studio Version 17
VisualStudioVersion = 17.0.31919.166
MinimumVisualStudioVersion = 10.0.40219.1
Project("{FAE04EC0-301F-11D3-BF4B-00C04F79EFBC}") = "SimpleClassExample", "SimpleClassExample\SimpleClassExample.csproj", "{91068228-F01A-48CC-9495-BC8D67285874}"
EndProject
Global
	GlobalSection(SolutionConfigurationPlatforms) = preSolution
		Debug|Any CPU = Debug|Any CPU
		Release|Any CPU = Release|Any CPU
	EndGlobalSection
	GlobalSection(ProjectConfigurationPlatforms) = postSolution
		{91068228-F01A-48CC-9495-BC8D67285874}.Debug|Any CPU.ActiveCfg = Debug|Any CPU
		{91068228-F01A-48CC-9495-BC8D67285874}.Debug|Any CPU.Build.0 = Debug|Any CPU
		{91068228-F01A-48CC-9495-BC8D67285874}.Release|Any CPU.ActiveCfg = Release|Any CPU
		{91068228-F01A-48CC-9495-BC8D67285874}.Release|Any CPU.Build.0 = Release|Any CPU
	EndGlobalSection
	GlobalSection(SolutionProperties) = preSolution
		HideSolutionNode = FALSE
	EndGlobalSection
	GlobalSection(ExtensibilityGlobals) = postSolution
		SolutionGuid = {8DCEE924-E72F-4FA3-8C86-8ADA421B546B}
	EndGlobalSection
EndGlobal
