
Microsoft Visual Studio Solution File, Format Version 12.00
# Visual Studio Version 17
VisualStudioVersion = 17.1.32319.34
MinimumVisualStudioVersion = 10.0.40219.1
Project("{FAE04EC0-301F-11D3-BF4B-00C04F79EFBC}") = "WpfCommands", "WpfCommands\WpfCommands.csproj", "{296DE2DD-671F-4128-BF4C-380481D24849}"
EndProject
Global
	GlobalSection(SolutionConfigurationPlatforms) = preSolution
		Debug|Any CPU = Debug|Any CPU
		Release|Any CPU = Release|Any CPU
	EndGlobalSection
	GlobalSection(ProjectConfigurationPlatforms) = postSolution
		{296DE2DD-671F-4128-BF4C-380481D24849}.Debug|Any CPU.ActiveCfg = Debug|Any CPU
		{296DE2DD-671F-4128-BF4C-380481D24849}.Debug|Any CPU.Build.0 = Debug|Any CPU
		{296DE2DD-671F-4128-BF4C-380481D24849}.Release|Any CPU.ActiveCfg = Release|Any CPU
		{296DE2DD-671F-4128-BF4C-380481D24849}.Release|Any CPU.Build.0 = Release|Any CPU
	EndGlobalSection
	GlobalSection(SolutionProperties) = preSolution
		HideSolutionNode = FALSE
	EndGlobalSection
	GlobalSection(ExtensibilityGlobals) = postSolution
		SolutionGuid = {026C69B9-3970-4A9F-A1D4-D2A340C4FB61}
	EndGlobalSection
EndGlobal
