
Microsoft Visual Studio Solution File, Format Version 12.00
# Visual Studio Version 17
VisualStudioVersion = 17.1.32210.238
MinimumVisualStudioVersion = 10.0.40219.1
Project("{FAE04EC0-301F-11D3-BF4B-00C04F79EFBC}") = "BinaryResourcesApp", "BinaryResourcesApp\BinaryResourcesApp.csproj", "{89E8F842-D3EE-4D1F-8D84-CD3664D0BBCB}"
EndProject
Global
	GlobalSection(SolutionConfigurationPlatforms) = preSolution
		Debug|Any CPU = Debug|Any CPU
		Release|Any CPU = Release|Any CPU
	EndGlobalSection
	GlobalSection(ProjectConfigurationPlatforms) = postSolution
		{89E8F842-D3EE-4D1F-8D84-CD3664D0BBCB}.Debug|Any CPU.ActiveCfg = Debug|Any CPU
		{89E8F842-D3EE-4D1F-8D84-CD3664D0BBCB}.Debug|Any CPU.Build.0 = Debug|Any CPU
		{89E8F842-D3EE-4D1F-8D84-CD3664D0BBCB}.Release|Any CPU.ActiveCfg = Release|Any CPU
		{89E8F842-D3EE-4D1F-8D84-CD3664D0BBCB}.Release|Any CPU.Build.0 = Release|Any CPU
	EndGlobalSection
	GlobalSection(SolutionProperties) = preSolution
		HideSolutionNode = FALSE
	EndGlobalSection
	GlobalSection(ExtensibilityGlobals) = postSolution
		SolutionGuid = {C57FB79B-E7DE-4099-BFAE-54E85CB3FFDE}
	EndGlobalSection
EndGlobal
