
Microsoft Visual Studio Solution File, Format Version 12.00
# Visual Studio Version 17
VisualStudioVersion = 17.0.32014.148
MinimumVisualStudioVersion = 10.0.40219.1
Project("{FAE04EC0-301F-11D3-BF4B-00C04F79EFBC}") = "StaticDataAndMembers", "StaticDataAndMembers\StaticDataAndMembers.csproj", "{C29B7D71-C419-4242-AFE6-DBEE9012A163}"
EndProject
Project("{FAE04EC0-301F-11D3-BF4B-00C04F79EFBC}") = "SimpleUtilityClass", "SimpleUtilityClass\SimpleUtilityClass.csproj", "{F7DBF844-D3F3-4D04-8CA5-F54E24EDD16B}"
EndProject
Project("{FAE04EC0-301F-11D3-BF4B-00C04F79EFBC}") = "EmployeeApp", "EmployeeApp\EmployeeApp.csproj", "{88D9455A-AC85-4EE6-BC88-948CBFA72CE0}"
EndProject
Project("{FAE04EC0-301F-11D3-BF4B-00C04F79EFBC}") = "AutoProps", "AutoProps\AutoProps.csproj", "{1FCF400E-B5BB-4147-A1FD-6F5B4B54CCED}"
EndProject
Project("{FAE04EC0-301F-11D3-BF4B-00C04F79EFBC}") = "Objectlmtializers", "Objectlmtializers\Objectlmtializers.csproj", "{667A27CE-E8B3-4353-8607-4089581C264E}"
EndProject
Project("{FAE04EC0-301F-11D3-BF4B-00C04F79EFBC}") = "ConstData", "ConstData\ConstData.csproj", "{C1A81ECE-0538-412B-B98F-62D6683FC96E}"
EndProject
Project("{FAE04EC0-301F-11D3-BF4B-00C04F79EFBC}") = "Basiclnheritance", "Basiclnheritance\Basiclnheritance.csproj", "{4272E2E8-522A-4025-BD52-1FFBBC852151}"
EndProject
Project("{FAE04EC0-301F-11D3-BF4B-00C04F79EFBC}") = "Emp", "Emp\Emp.csproj", "{4637DEA2-3C2F-4C72-91EC-699E49B85EEF}"
EndProject
Project("{FAE04EC0-301F-11D3-BF4B-00C04F79EFBC}") = "Shapes", "Shapes\Shapes.csproj", "{463AD3AC-574C-427E-9334-0CA86CC8D1D3}"
EndProject
Project("{FAE04EC0-301F-11D3-BF4B-00C04F79EFBC}") = "ObjectOverrides", "ObjectOverrides\ObjectOverrides.csproj", "{2783E992-4934-4609-B80F-1E8E43A102F8}"
EndProject
Project("{FAE04EC0-301F-11D3-BF4B-00C04F79EFBC}") = "SimpleException", "SimpleException\SimpleException.csproj", "{9997096C-0D63-4BC5-881D-63559B696E76}"
EndProject
Project("{FAE04EC0-301F-11D3-BF4B-00C04F79EFBC}") = "CustomException", "CustomException\CustomException.csproj", "{D48EFD58-AAB4-4FA1-A469-606B022CB595}"
EndProject
Project("{FAE04EC0-301F-11D3-BF4B-00C04F79EFBC}") = "ProcessMultipleExpceptions", "ProcessMultipleExpceptions\ProcessMultipleExpceptions.csproj", "{D443E0BC-18C8-4D5F-A129-21EABEE1745A}"
EndProject
Project("{FAE04EC0-301F-11D3-BF4B-00C04F79EFBC}") = "ICloneableExample", "Interface\ICloneableExample.csproj", "{C8849B0C-2776-4506-9099-C1A252672B80}"
EndProject
Project("{FAE04EC0-301F-11D3-BF4B-00C04F79EFBC}") = "CustomInterface", "CustomInterface\CustomInterface.csproj", "{210C7C34-96D5-4B93-9518-E1CF00F9F730}"
EndProject
Project("{FAE04EC0-301F-11D3-BF4B-00C04F79EFBC}") = "InterfaceNameClash", "InterfaceNameClash\InterfaceNameClash.csproj", "{22FA1C06-E10A-43D2-BBDC-63A534546D41}"
EndProject
Project("{FAE04EC0-301F-11D3-BF4B-00C04F79EFBC}") = "InterfaceHierarchy", "InterfaceHierarchy\InterfaceHierarchy.csproj", "{66705930-20B3-404E-8A11-CD1847B1A743}"
EndProject
Project("{FAE04EC0-301F-11D3-BF4B-00C04F79EFBC}") = "MI InterfaceHierarchy", "MI InterfaceHierarchy\MI InterfaceHierarchy.csproj", "{C3CC1459-AD01-4A74-B2DE-1BCBD18D569D}"
EndProject
Project("{FAE04EC0-301F-11D3-BF4B-00C04F79EFBC}") = "CustomEnumerator", "CustomEnumerator\CustomEnumerator.csproj", "{148F0D2A-449D-4D9B-BBE0-F2A6F8868E4B}"
EndProject
Project("{FAE04EC0-301F-11D3-BF4B-00C04F79EFBC}") = "CustomEnumeratorWithYield", "CustomEnumeratorWithYield\CustomEnumeratorWithYield.csproj", "{FBFA89C6-22D7-4203-B75D-3FD8F5A0CA1B}"
EndProject
Project("{FAE04EC0-301F-11D3-BF4B-00C04F79EFBC}") = "CloneablePoint", "CloneablePoint\CloneablePoint.csproj", "{250A4CCC-4366-4406-9BD6-7A2C9003BB19}"
EndProject
Project("{2150E333-8FDC-42A3-9474-1A3956D46DE8}") = "Interface", "Interface", "{2D10DB3E-F105-44EC-A787-D6141DBAA7FB}"
EndProject
Project("{2150E333-8FDC-42A3-9474-1A3956D46DE8}") = "Class", "Class", "{1FCC4363-3DA1-40A7-BD8D-C719843B122C}"
EndProject
Project("{2150E333-8FDC-42A3-9474-1A3956D46DE8}") = "Expection", "Expection", "{A2D33ADA-E29E-4990-ABCA-1A3CEB7DC0DA}"
EndProject
Project("{FAE04EC0-301F-11D3-BF4B-00C04F79EFBC}") = "ComparableCar", "ComparableCar\ComparableCar.csproj", "{EC875B3D-F3CD-4D81-A20A-BF7D48DBE32D}"
EndProject
Project("{FAE04EC0-301F-11D3-BF4B-00C04F79EFBC}") = "IssuesWithNongenericCollections", "IssuesWithNongenericCollections\IssuesWithNongenericCollections.csproj", "{53846708-3F23-469C-8BC9-BD86821FC40D}"
EndProject
Project("{2150E333-8FDC-42A3-9474-1A3956D46DE8}") = "Collections", "Collections", "{BCA24BE5-09F9-4C5B-980D-CF1A93285DA4}"
EndProject
Project("{FAE04EC0-301F-11D3-BF4B-00C04F79EFBC}") = "FunWithGenericCollections", "FunWithGenericCollections\FunWithGenericCollections.csproj", "{B8FFF425-0BFE-42B7-BE2A-D6F389F9200A}"
EndProject
Project("{FAE04EC0-301F-11D3-BF4B-00C04F79EFBC}") = "SortedSet", "SortedSet\SortedSet.csproj", "{0CCFFF5C-CFDB-4A13-B17A-B2B62D516CA6}"
EndProject
Project("{FAE04EC0-301F-11D3-BF4B-00C04F79EFBC}") = "Dictionary", "Dictionary\Dictionary.csproj", "{796B03CA-6600-4397-B101-971D4AB56B00}"
EndProject
Project("{FAE04EC0-301F-11D3-BF4B-00C04F79EFBC}") = "FunWithObservable", "FunWithObservable\FunWithObservable.csproj", "{C7F1BE7A-B31F-4CDA-B676-01EAE249D30F}"
EndProject
Project("{FAE04EC0-301F-11D3-BF4B-00C04F79EFBC}") = "CustomGenericMethods", "CustomGenericMethods\CustomGenericMethods.csproj", "{6F6F871F-83F4-4B57-8D79-D6D84CC03826}"
EndProject
Project("{FAE04EC0-301F-11D3-BF4B-00C04F79EFBC}") = "GenericPoint", "GenericPoint\GenericPoint.csproj", "{2B916795-0C30-4738-B744-31B413BBF756}"
EndProject
Project("{FAE04EC0-301F-11D3-BF4B-00C04F79EFBC}") = "CarDelegate", "SimpleDelegate\CarDelegate.csproj", "{8B295F8F-CD86-4F4C-8DD5-DC7208B7B852}"
EndProject
Project("{2150E333-8FDC-42A3-9474-1A3956D46DE8}") = "Delegate", "Delegate", "{CE796703-23DE-46DB-BA7A-932DE1A59AE6}"
EndProject
Project("{FAE04EC0-301F-11D3-BF4B-00C04F79EFBC}") = "CarDelegateMethodGroupConversion", "CarDelegateMethodGroupConversion\CarDelegateMethodGroupConversion.csproj", "{63E569BF-2804-43DD-B635-E3DCF67A2EF8}"
EndProject
Project("{FAE04EC0-301F-11D3-BF4B-00C04F79EFBC}") = "ActionAndFuncDelegates", "ActionAndFuncDelegates\ActionAndFuncDelegates.csproj", "{99816916-3FB3-426D-9EED-70B5442959D1}"
EndProject
Project("{2150E333-8FDC-42A3-9474-1A3956D46DE8}") = "Event", "Event", "{92DCE340-19B3-4221-AFEB-138C05F84508}"
EndProject
Project("{FAE04EC0-301F-11D3-BF4B-00C04F79EFBC}") = "CarEvents", "CarEvents\CarEvents.csproj", "{511484EE-9FD7-45AE-91C1-C2CC37E67FB3}"
EndProject
Project("{FAE04EC0-301F-11D3-BF4B-00C04F79EFBC}") = "SimpleLambdaExpressions", "SimpleLambdaExpressions\SimpleLambdaExpressions.csproj", "{F7B0ABFF-7A3F-495A-934B-45306EBA70D3}"
EndProject
Project("{2150E333-8FDC-42A3-9474-1A3956D46DE8}") = "Lambda", "Lambda", "{72DE9619-36B9-4122-BFD3-4DC420CD2F6B}"
EndProject
Project("{FAE04EC0-301F-11D3-BF4B-00C04F79EFBC}") = "LambdaExpressionsMultipleParams", "LambdaExpressionsMultipleParams\LambdaExpressionsMultipleParams.csproj", "{5B986B6F-8F06-4873-9261-5A985F220E56}"
EndProject
Project("{2150E333-8FDC-42A3-9474-1A3956D46DE8}") = "Conversions", "Conversions", "{2EA05AF1-904F-46B6-AF6C-CAD643E688EC}"
EndProject
Project("{FAE04EC0-301F-11D3-BF4B-00C04F79EFBC}") = "CustomConversions", "CustomConversions\CustomConversions.csproj", "{267A2AEE-1798-4B49-B774-12C8F7CF9F78}"
EndProject
Project("{FAE04EC0-301F-11D3-BF4B-00C04F79EFBC}") = "ExtensionMethods", "ExtensionMethods\ExtensionMethods.csproj", "{E904FF8F-821E-44C1-A827-6C8635C2632C}"
EndProject
Project("{2150E333-8FDC-42A3-9474-1A3956D46DE8}") = "Extensions", "Extensions", "{D13F1909-8E4B-4C5B-BADC-BF0801FB3223}"
EndProject
Project("{FAE04EC0-301F-11D3-BF4B-00C04F79EFBC}") = "InterfaceExtensions", "InterfaceExtensions\InterfaceExtensions.csproj", "{318D693C-8BB9-4146-AC1E-AB80666A57B9}"
EndProject
Project("{FAE04EC0-301F-11D3-BF4B-00C04F79EFBC}") = "AnonymousTypes", "AnonymousTypes\AnonymousTypes.csproj", "{16EA7D29-F7DE-4F04-AFBF-4F09EE6ABE03}"
EndProject
Project("{2150E333-8FDC-42A3-9474-1A3956D46DE8}") = "Anonymus_Types", "Anonymus_Types", "{0071B656-0F01-4FB9-8524-F7681B1C8F6A}"
EndProject
Project("{2150E333-8FDC-42A3-9474-1A3956D46DE8}") = "LINQ", "LINQ", "{A1B589C1-8A7B-4FA9-B9C6-8460E8A5564A}"
EndProject
Project("{FAE04EC0-301F-11D3-BF4B-00C04F79EFBC}") = "LinqOverArray", "LinqOverArray\LinqOverArray.csproj", "{E9AE727E-1285-4A51-83D4-B7EDE55EDBF3}"
EndProject
Project("{FAE04EC0-301F-11D3-BF4B-00C04F79EFBC}") = "ListOverCollections", "ListOverCollections\ListOverCollections.csproj", "{88B9F214-00A2-44F4-9DC2-EBABBA390F69}"
EndProject
Project("{FAE04EC0-301F-11D3-BF4B-00C04F79EFBC}") = "FunWithLinqExpressions", "FunWithLinqExpressions\FunWithLinqExpressions.csproj", "{101EA6DB-5859-4F65-A29A-A7885B8D42F9}"
EndProject
Project("{FAE04EC0-301F-11D3-BF4B-00C04F79EFBC}") = "LinqUsingEnumerable", "LinqUsingEnumerable\LinqUsingEnumerable.csproj", "{B487A86B-0836-4335-A371-95C3EC6A96B8}"
EndProject
Project("{2150E333-8FDC-42A3-9474-1A3956D46DE8}") = "GC", "GC", "{8AC5C74F-FB45-4B2C-910B-19387F57F262}"
EndProject
Project("{FAE04EC0-301F-11D3-BF4B-00C04F79EFBC}") = "SimpleGC", "SimpleGC\SimpleGC.csproj", "{C58360CF-D8A8-4FE3-B454-ECCF436F9AD0}"
EndProject
Project("{FAE04EC0-301F-11D3-BF4B-00C04F79EFBC}") = "SimpleDispose", "SimpleDispose\SimpleDispose.csproj", "{EB14E7AD-33B8-4445-9FF6-A0446B6A5024}"
EndProject
Project("{FAE04EC0-301F-11D3-BF4B-00C04F79EFBC}") = "LazyObjectlnstantiation", "LazyObjectlnstantiation\LazyObjectlnstantiation.csproj", "{9B07722A-DABE-4A90-878B-4E907C48B473}"
EndProject
Project("{2150E333-8FDC-42A3-9474-1A3956D46DE8}") = "NameSpace", "NameSpace", "{ACE5C78E-76F8-4AE1-82F9-E0B23805D275}"
EndProject
Project("{FAE04EC0-301F-11D3-BF4B-00C04F79EFBC}") = "CustomNamespaces", "CustomNamespaces\CustomNamespaces.csproj", "{89F94DAF-DCC1-437B-AAA0-0C4F38D6FEA0}"
EndProject
Project("{FAE04EC0-301F-11D3-BF4B-00C04F79EFBC}") = "MyTypeViewer", "MyTypeViewer\MyTypeViewer.csproj", "{29BA94EF-3670-44D4-B402-20CDB268C182}"
EndProject
Project("{FAE04EC0-301F-11D3-BF4B-00C04F79EFBC}") = "ExternalAssemblyReflector", "ExternalAssemblyReflector\ExternalAssemblyReflector.csproj", "{323501AF-7EFB-4E65-9EA2-67DC76DC1902}"
EndProject
Project("{FAE04EC0-301F-11D3-BF4B-00C04F79EFBC}") = "LateBindingApp", "LateBindingApp\LateBindingApp.csproj", "{DE2DED55-F864-4708-8720-EBCBDC60FCB3}"
EndProject
Project("{2150E333-8FDC-42A3-9474-1A3956D46DE8}") = "Assembly", "Assembly", "{432969F7-C154-49D1-B2C5-EFA1C4668421}"
EndProject
Project("{FAE04EC0-301F-11D3-BF4B-00C04F79EFBC}") = "ApplymgAttributes", "ApplymgAttributes\ApplymgAttributes.csproj", "{CEBCCB36-3EAE-414E-97CA-E011ACE912C7}"
EndProject
Project("{FAE04EC0-301F-11D3-BF4B-00C04F79EFBC}") = "AttributedCarLibrary", "AttributedCarLibrary\AttributedCarLibrary.csproj", "{87EC5A79-8893-4CB4-BEE7-DB8E2AB4F14B}"
EndProject
Project("{FAE04EC0-301F-11D3-BF4B-00C04F79EFBC}") = "VehicleDescriptionAttributeReader", "VehicleDescriptionAttributeReader\VehicleDescriptionAttributeReader.csproj", "{EBBD6846-D7D3-4911-AAA8-A21190CE66EE}"
EndProject
Project("{FAE04EC0-301F-11D3-BF4B-00C04F79EFBC}") = "VehicleDescriptionAttributeReaderLateBinding", "VehicleDescriptionAttributeReaderLateBinding\VehicleDescriptionAttributeReaderLateBinding.csproj", "{A78E9790-90BA-4AB7-832F-37C0A68D1DE2}"
EndProject
Project("{2150E333-8FDC-42A3-9474-1A3956D46DE8}") = "Dynamic", "Dynamic", "{A36F4264-9BBD-48EF-A875-B4F81DE1DE2D}"
EndProject
Project("{FAE04EC0-301F-11D3-BF4B-00C04F79EFBC}") = "LateBindingWithDynamic", "DynamicKeyword\LateBindingWithDynamic.csproj", "{3712F184-C962-47F0-B69B-4C1DAD7409D5}"
EndProject
Project("{FAE04EC0-301F-11D3-BF4B-00C04F79EFBC}") = "ExportDataToOfficeApp", "ExportDataToOfficeApp\ExportDataToOfficeApp.csproj", "{7147A3AD-65DE-4B06-A17A-592989A77E89}"
EndProject
Project("{FAE04EC0-301F-11D3-BF4B-00C04F79EFBC}") = "ProcessManipulator", "ProcessManipulator\ProcessManipulator.csproj", "{387E0D77-3F72-43F9-99BF-D6313ABC6FA1}"
EndProject
Project("{FAE04EC0-301F-11D3-BF4B-00C04F79EFBC}") = "DefaultAppDomainApp", "DefaultAppDomainApp\DefaultAppDomainApp.csproj", "{8425A60E-1E19-4C86-9564-1D81BE31775C}"
EndProject
Project("{2150E333-8FDC-42A3-9474-1A3956D46DE8}") = "Process", "Process", "{A98D778B-220C-41A5-89A2-2A71330D4358}"
EndProject
Project("{FAE04EC0-301F-11D3-BF4B-00C04F79EFBC}") = "CustomAppDomains", "CustomAppDomains\CustomAppDomains.csproj", "{942FACAA-5508-4FB3-AA1A-49845EB16BFC}"
EndProject
Project("{FAE04EC0-301F-11D3-BF4B-00C04F79EFBC}") = "ObjectContextApp", "ObjectContextApp\ObjectContextApp.csproj", "{E6444573-9F8A-40BB-8F3E-3612ED3BFC3A}"
EndProject
Project("{FAE04EC0-301F-11D3-BF4B-00C04F79EFBC}") = "AsyncDelegate", "AsyncDelegate\AsyncDelegate.csproj", "{C6201701-772F-4F8A-9145-4512E6850773}"
EndProject
Project("{FAE04EC0-301F-11D3-BF4B-00C04F79EFBC}") = "AsyncCallbackDelegate", "AsyncCallbackDelegate\AsyncCallbackDelegate.csproj", "{F69D0046-97BC-4862-AC43-DF0131A0AAD6}"
EndProject
Project("{2150E333-8FDC-42A3-9474-1A3956D46DE8}") = "Thread", "Thread", "{3F18701B-F56C-4747-9218-EC78309D5245}"
EndProject
Project("{FAE04EC0-301F-11D3-BF4B-00C04F79EFBC}") = "SimpleMultiThreadApp", "SimpleMultiThreadApp\SimpleMultiThreadApp.csproj", "{784F0116-CD9E-449F-977F-6FEC7616A855}"
EndProject
Project("{FAE04EC0-301F-11D3-BF4B-00C04F79EFBC}") = "AddWithThreads", "AddWithThreads\AddWithThreads.csproj", "{02929E60-922F-4CC3-9277-2FD597B89BE0}"
EndProject
Project("{FAE04EC0-301F-11D3-BF4B-00C04F79EFBC}") = "MultiThreadedPrinting", "MultiThreadedPrinting\MultiThreadedPrinting.csproj", "{CBEACBFF-5FF0-4367-8F20-42D496A5CDC8}"
EndProject
Project("{FAE04EC0-301F-11D3-BF4B-00C04F79EFBC}") = "ThreadPoolApp", "ThreadPoolApp\ThreadPoolApp.csproj", "{4BFDB7AE-26C6-499D-9198-0221CCFE2E98}"
EndProject
Project("{FAE04EC0-301F-11D3-BF4B-00C04F79EFBC}") = "MyEBookReader", "MyEBookReader\MyEBookReader.csproj", "{F000B1B4-6D41-4826-AF49-873504B63AA8}"
EndProject
Project("{FAE04EC0-301F-11D3-BF4B-00C04F79EFBC}") = "PLINQDataProcessingWithCancellation", "PLINQDataProcessingWithCancellation\PLINQDataProcessingWithCancellation.csproj", "{1BDC877D-9A03-469C-B29E-C7B896432B4D}"
EndProject
Project("{FAE04EC0-301F-11D3-BF4B-00C04F79EFBC}") = "FunWithCSharpAsync", "FunWithCSharpAsync\FunWithCSharpAsync.csproj", "{0FA6F2BA-F552-4A3A-9E9B-FB363A5BD890}"
EndProject
Project("{FAE04EC0-301F-11D3-BF4B-00C04F79EFBC}") = "DirectoryApp", "DirectoryApp\DirectoryApp.csproj", "{B29BA46C-9B54-4672-9452-7C15140CE5FD}"
EndProject
Project("{2150E333-8FDC-42A3-9474-1A3956D46DE8}") = "File", "File", "{552167D1-CEC9-4457-BCCD-F480A04389E9}"
EndProject
Project("{FAE04EC0-301F-11D3-BF4B-00C04F79EFBC}") = "DriveInfоАрр", "DriveInfоАрр\DriveInfоАрр.csproj", "{C4C15DBD-EC22-44A1-8D5B-F9B64341F2EA}"
EndProject
Project("{FAE04EC0-301F-11D3-BF4B-00C04F79EFBC}") = "SimpleFile", "SimpleFile\SimpleFile.csproj", "{17DE0F9F-03DD-4639-83AE-7B4F24BDD104}"
EndProject
Project("{FAE04EC0-301F-11D3-BF4B-00C04F79EFBC}") = "SimpleFilelO", "SimpleFilelO\SimpleFilelO.csproj", "{03AFF239-3847-4ED7-80F0-F6AE3968CFA3}"
EndProject
Project("{FAE04EC0-301F-11D3-BF4B-00C04F79EFBC}") = "FileStreamApp", "FileStreamApp\FileStreamApp.csproj", "{2A2AEAAC-3D78-4286-8761-3230F0233070}"
EndProject
Project("{FAE04EC0-301F-11D3-BF4B-00C04F79EFBC}") = "StreamWriterReaderApp", "StreamWriterReaderApp\StreamWriterReaderApp.csproj", "{7891D149-A1EE-47D2-B5E8-940FD6AE9162}"
EndProject
Project("{FAE04EC0-301F-11D3-BF4B-00C04F79EFBC}") = "BinaryWnterReader", "BinaryWnterReader\BinaryWnterReader.csproj", "{0ADCF33F-F9B5-47C2-A4CC-8723D88C7EA0}"
EndProject
Project("{FAE04EC0-301F-11D3-BF4B-00C04F79EFBC}") = "MyDirectoryWatcher", "MyDirectoryWatcher\MyDirectoryWatcher.csproj", "{B10BB7A9-7E9C-42C0-890D-AB8E5DEEC8F4}"
EndProject
Project("{FAE04EC0-301F-11D3-BF4B-00C04F79EFBC}") = "SimpleSerialize", "SimpleSenalize\SimpleSerialize.csproj", "{B517AD44-4106-40D2-9D90-342619FA08E2}"
EndProject
Project("{FAE04EC0-301F-11D3-BF4B-00C04F79EFBC}") = "CustomSerialization", "CustomSerialization\CustomSerialization.csproj", "{BB5D0B10-8AE1-4007-8246-06377DEC0671}"
EndProject
Project("{FAE04EC0-301F-11D3-BF4B-00C04F79EFBC}") = "MyConnectionFactory", "MyConnectionFactory\MyConnectionFactory.csproj", "{AF2C7F69-D860-47E3-9736-C485C8D0130D}"
EndProject
Project("{FAE04EC0-301F-11D3-BF4B-00C04F79EFBC}") = "DataProviderFactory", "DataProviderFactory\DataProviderFactory.csproj", "{CD20B2DF-5C0D-430A-936D-3920AB888D09}"
EndProject
Project("{FAE04EC0-301F-11D3-BF4B-00C04F79EFBC}") = "AutoLotDataReader", "AutoLotDataReader\AutoLotDataReader.csproj", "{9BD1F4C1-C3A0-4569-99E9-965B26BB5C5E}"
EndProject
Project("{2150E333-8FDC-42A3-9474-1A3956D46DE8}") = "SQL", "SQL", "{D379E4D0-F0D8-45FD-B9C2-6293331DD8F1}"
EndProject
Global
	GlobalSection(SolutionConfigurationPlatforms) = preSolution
		Debug|Any CPU = Debug|Any CPU
		Release|Any CPU = Release|Any CPU
	EndGlobalSection
	GlobalSection(ProjectConfigurationPlatforms) = postSolution
		{C29B7D71-C419-4242-AFE6-DBEE9012A163}.Debug|Any CPU.ActiveCfg = Debug|Any CPU
		{C29B7D71-C419-4242-AFE6-DBEE9012A163}.Debug|Any CPU.Build.0 = Debug|Any CPU
		{C29B7D71-C419-4242-AFE6-DBEE9012A163}.Release|Any CPU.ActiveCfg = Release|Any CPU
		{C29B7D71-C419-4242-AFE6-DBEE9012A163}.Release|Any CPU.Build.0 = Release|Any CPU
		{F7DBF844-D3F3-4D04-8CA5-F54E24EDD16B}.Debug|Any CPU.ActiveCfg = Debug|Any CPU
		{F7DBF844-D3F3-4D04-8CA5-F54E24EDD16B}.Debug|Any CPU.Build.0 = Debug|Any CPU
		{F7DBF844-D3F3-4D04-8CA5-F54E24EDD16B}.Release|Any CPU.ActiveCfg = Release|Any CPU
		{F7DBF844-D3F3-4D04-8CA5-F54E24EDD16B}.Release|Any CPU.Build.0 = Release|Any CPU
		{88D9455A-AC85-4EE6-BC88-948CBFA72CE0}.Debug|Any CPU.ActiveCfg = Debug|Any CPU
		{88D9455A-AC85-4EE6-BC88-948CBFA72CE0}.Debug|Any CPU.Build.0 = Debug|Any CPU
		{88D9455A-AC85-4EE6-BC88-948CBFA72CE0}.Release|Any CPU.ActiveCfg = Release|Any CPU
		{88D9455A-AC85-4EE6-BC88-948CBFA72CE0}.Release|Any CPU.Build.0 = Release|Any CPU
		{1FCF400E-B5BB-4147-A1FD-6F5B4B54CCED}.Debug|Any CPU.ActiveCfg = Debug|Any CPU
		{1FCF400E-B5BB-4147-A1FD-6F5B4B54CCED}.Debug|Any CPU.Build.0 = Debug|Any CPU
		{1FCF400E-B5BB-4147-A1FD-6F5B4B54CCED}.Release|Any CPU.ActiveCfg = Release|Any CPU
		{1FCF400E-B5BB-4147-A1FD-6F5B4B54CCED}.Release|Any CPU.Build.0 = Release|Any CPU
		{667A27CE-E8B3-4353-8607-4089581C264E}.Debug|Any CPU.ActiveCfg = Debug|Any CPU
		{667A27CE-E8B3-4353-8607-4089581C264E}.Debug|Any CPU.Build.0 = Debug|Any CPU
		{667A27CE-E8B3-4353-8607-4089581C264E}.Release|Any CPU.ActiveCfg = Release|Any CPU
		{667A27CE-E8B3-4353-8607-4089581C264E}.Release|Any CPU.Build.0 = Release|Any CPU
		{C1A81ECE-0538-412B-B98F-62D6683FC96E}.Debug|Any CPU.ActiveCfg = Debug|Any CPU
		{C1A81ECE-0538-412B-B98F-62D6683FC96E}.Debug|Any CPU.Build.0 = Debug|Any CPU
		{C1A81ECE-0538-412B-B98F-62D6683FC96E}.Release|Any CPU.ActiveCfg = Release|Any CPU
		{C1A81ECE-0538-412B-B98F-62D6683FC96E}.Release|Any CPU.Build.0 = Release|Any CPU
		{4272E2E8-522A-4025-BD52-1FFBBC852151}.Debug|Any CPU.ActiveCfg = Debug|Any CPU
		{4272E2E8-522A-4025-BD52-1FFBBC852151}.Debug|Any CPU.Build.0 = Debug|Any CPU
		{4272E2E8-522A-4025-BD52-1FFBBC852151}.Release|Any CPU.ActiveCfg = Release|Any CPU
		{4272E2E8-522A-4025-BD52-1FFBBC852151}.Release|Any CPU.Build.0 = Release|Any CPU
		{4637DEA2-3C2F-4C72-91EC-699E49B85EEF}.Debug|Any CPU.ActiveCfg = Debug|Any CPU
		{4637DEA2-3C2F-4C72-91EC-699E49B85EEF}.Debug|Any CPU.Build.0 = Debug|Any CPU
		{4637DEA2-3C2F-4C72-91EC-699E49B85EEF}.Release|Any CPU.ActiveCfg = Release|Any CPU
		{4637DEA2-3C2F-4C72-91EC-699E49B85EEF}.Release|Any CPU.Build.0 = Release|Any CPU
		{463AD3AC-574C-427E-9334-0CA86CC8D1D3}.Debug|Any CPU.ActiveCfg = Debug|Any CPU
		{463AD3AC-574C-427E-9334-0CA86CC8D1D3}.Debug|Any CPU.Build.0 = Debug|Any CPU
		{463AD3AC-574C-427E-9334-0CA86CC8D1D3}.Release|Any CPU.ActiveCfg = Release|Any CPU
		{463AD3AC-574C-427E-9334-0CA86CC8D1D3}.Release|Any CPU.Build.0 = Release|Any CPU
		{2783E992-4934-4609-B80F-1E8E43A102F8}.Debug|Any CPU.ActiveCfg = Debug|Any CPU
		{2783E992-4934-4609-B80F-1E8E43A102F8}.Debug|Any CPU.Build.0 = Debug|Any CPU
		{2783E992-4934-4609-B80F-1E8E43A102F8}.Release|Any CPU.ActiveCfg = Release|Any CPU
		{2783E992-4934-4609-B80F-1E8E43A102F8}.Release|Any CPU.Build.0 = Release|Any CPU
		{9997096C-0D63-4BC5-881D-63559B696E76}.Debug|Any CPU.ActiveCfg = Debug|Any CPU
		{9997096C-0D63-4BC5-881D-63559B696E76}.Debug|Any CPU.Build.0 = Debug|Any CPU
		{9997096C-0D63-4BC5-881D-63559B696E76}.Release|Any CPU.ActiveCfg = Release|Any CPU
		{9997096C-0D63-4BC5-881D-63559B696E76}.Release|Any CPU.Build.0 = Release|Any CPU
		{D48EFD58-AAB4-4FA1-A469-606B022CB595}.Debug|Any CPU.ActiveCfg = Debug|Any CPU
		{D48EFD58-AAB4-4FA1-A469-606B022CB595}.Debug|Any CPU.Build.0 = Debug|Any CPU
		{D48EFD58-AAB4-4FA1-A469-606B022CB595}.Release|Any CPU.ActiveCfg = Release|Any CPU
		{D48EFD58-AAB4-4FA1-A469-606B022CB595}.Release|Any CPU.Build.0 = Release|Any CPU
		{D443E0BC-18C8-4D5F-A129-21EABEE1745A}.Debug|Any CPU.ActiveCfg = Debug|Any CPU
		{D443E0BC-18C8-4D5F-A129-21EABEE1745A}.Debug|Any CPU.Build.0 = Debug|Any CPU
		{D443E0BC-18C8-4D5F-A129-21EABEE1745A}.Release|Any CPU.ActiveCfg = Release|Any CPU
		{D443E0BC-18C8-4D5F-A129-21EABEE1745A}.Release|Any CPU.Build.0 = Release|Any CPU
		{C8849B0C-2776-4506-9099-C1A252672B80}.Debug|Any CPU.ActiveCfg = Debug|Any CPU
		{C8849B0C-2776-4506-9099-C1A252672B80}.Debug|Any CPU.Build.0 = Debug|Any CPU
		{C8849B0C-2776-4506-9099-C1A252672B80}.Release|Any CPU.ActiveCfg = Release|Any CPU
		{C8849B0C-2776-4506-9099-C1A252672B80}.Release|Any CPU.Build.0 = Release|Any CPU
		{210C7C34-96D5-4B93-9518-E1CF00F9F730}.Debug|Any CPU.ActiveCfg = Debug|Any CPU
		{210C7C34-96D5-4B93-9518-E1CF00F9F730}.Debug|Any CPU.Build.0 = Debug|Any CPU
		{210C7C34-96D5-4B93-9518-E1CF00F9F730}.Release|Any CPU.ActiveCfg = Release|Any CPU
		{210C7C34-96D5-4B93-9518-E1CF00F9F730}.Release|Any CPU.Build.0 = Release|Any CPU
		{22FA1C06-E10A-43D2-BBDC-63A534546D41}.Debug|Any CPU.ActiveCfg = Debug|Any CPU
		{22FA1C06-E10A-43D2-BBDC-63A534546D41}.Debug|Any CPU.Build.0 = Debug|Any CPU
		{22FA1C06-E10A-43D2-BBDC-63A534546D41}.Release|Any CPU.ActiveCfg = Release|Any CPU
		{22FA1C06-E10A-43D2-BBDC-63A534546D41}.Release|Any CPU.Build.0 = Release|Any CPU
		{66705930-20B3-404E-8A11-CD1847B1A743}.Debug|Any CPU.ActiveCfg = Debug|Any CPU
		{66705930-20B3-404E-8A11-CD1847B1A743}.Debug|Any CPU.Build.0 = Debug|Any CPU
		{66705930-20B3-404E-8A11-CD1847B1A743}.Release|Any CPU.ActiveCfg = Release|Any CPU
		{66705930-20B3-404E-8A11-CD1847B1A743}.Release|Any CPU.Build.0 = Release|Any CPU
		{C3CC1459-AD01-4A74-B2DE-1BCBD18D569D}.Debug|Any CPU.ActiveCfg = Debug|Any CPU
		{C3CC1459-AD01-4A74-B2DE-1BCBD18D569D}.Debug|Any CPU.Build.0 = Debug|Any CPU
		{C3CC1459-AD01-4A74-B2DE-1BCBD18D569D}.Release|Any CPU.ActiveCfg = Release|Any CPU
		{C3CC1459-AD01-4A74-B2DE-1BCBD18D569D}.Release|Any CPU.Build.0 = Release|Any CPU
		{148F0D2A-449D-4D9B-BBE0-F2A6F8868E4B}.Debug|Any CPU.ActiveCfg = Debug|Any CPU
		{148F0D2A-449D-4D9B-BBE0-F2A6F8868E4B}.Debug|Any CPU.Build.0 = Debug|Any CPU
		{148F0D2A-449D-4D9B-BBE0-F2A6F8868E4B}.Release|Any CPU.ActiveCfg = Release|Any CPU
		{148F0D2A-449D-4D9B-BBE0-F2A6F8868E4B}.Release|Any CPU.Build.0 = Release|Any CPU
		{FBFA89C6-22D7-4203-B75D-3FD8F5A0CA1B}.Debug|Any CPU.ActiveCfg = Debug|Any CPU
		{FBFA89C6-22D7-4203-B75D-3FD8F5A0CA1B}.Debug|Any CPU.Build.0 = Debug|Any CPU
		{FBFA89C6-22D7-4203-B75D-3FD8F5A0CA1B}.Release|Any CPU.ActiveCfg = Release|Any CPU
		{FBFA89C6-22D7-4203-B75D-3FD8F5A0CA1B}.Release|Any CPU.Build.0 = Release|Any CPU
		{250A4CCC-4366-4406-9BD6-7A2C9003BB19}.Debug|Any CPU.ActiveCfg = Debug|Any CPU
		{250A4CCC-4366-4406-9BD6-7A2C9003BB19}.Debug|Any CPU.Build.0 = Debug|Any CPU
		{250A4CCC-4366-4406-9BD6-7A2C9003BB19}.Release|Any CPU.ActiveCfg = Release|Any CPU
		{250A4CCC-4366-4406-9BD6-7A2C9003BB19}.Release|Any CPU.Build.0 = Release|Any CPU
		{EC875B3D-F3CD-4D81-A20A-BF7D48DBE32D}.Debug|Any CPU.ActiveCfg = Debug|Any CPU
		{EC875B3D-F3CD-4D81-A20A-BF7D48DBE32D}.Debug|Any CPU.Build.0 = Debug|Any CPU
		{EC875B3D-F3CD-4D81-A20A-BF7D48DBE32D}.Release|Any CPU.ActiveCfg = Release|Any CPU
		{EC875B3D-F3CD-4D81-A20A-BF7D48DBE32D}.Release|Any CPU.Build.0 = Release|Any CPU
		{53846708-3F23-469C-8BC9-BD86821FC40D}.Debug|Any CPU.ActiveCfg = Debug|Any CPU
		{53846708-3F23-469C-8BC9-BD86821FC40D}.Debug|Any CPU.Build.0 = Debug|Any CPU
		{53846708-3F23-469C-8BC9-BD86821FC40D}.Release|Any CPU.ActiveCfg = Release|Any CPU
		{53846708-3F23-469C-8BC9-BD86821FC40D}.Release|Any CPU.Build.0 = Release|Any CPU
		{B8FFF425-0BFE-42B7-BE2A-D6F389F9200A}.Debug|Any CPU.ActiveCfg = Debug|Any CPU
		{B8FFF425-0BFE-42B7-BE2A-D6F389F9200A}.Debug|Any CPU.Build.0 = Debug|Any CPU
		{B8FFF425-0BFE-42B7-BE2A-D6F389F9200A}.Release|Any CPU.ActiveCfg = Release|Any CPU
		{B8FFF425-0BFE-42B7-BE2A-D6F389F9200A}.Release|Any CPU.Build.0 = Release|Any CPU
		{0CCFFF5C-CFDB-4A13-B17A-B2B62D516CA6}.Debug|Any CPU.ActiveCfg = Debug|Any CPU
		{0CCFFF5C-CFDB-4A13-B17A-B2B62D516CA6}.Debug|Any CPU.Build.0 = Debug|Any CPU
		{0CCFFF5C-CFDB-4A13-B17A-B2B62D516CA6}.Release|Any CPU.ActiveCfg = Release|Any CPU
		{0CCFFF5C-CFDB-4A13-B17A-B2B62D516CA6}.Release|Any CPU.Build.0 = Release|Any CPU
		{796B03CA-6600-4397-B101-971D4AB56B00}.Debug|Any CPU.ActiveCfg = Debug|Any CPU
		{796B03CA-6600-4397-B101-971D4AB56B00}.Debug|Any CPU.Build.0 = Debug|Any CPU
		{796B03CA-6600-4397-B101-971D4AB56B00}.Release|Any CPU.ActiveCfg = Release|Any CPU
		{796B03CA-6600-4397-B101-971D4AB56B00}.Release|Any CPU.Build.0 = Release|Any CPU
		{C7F1BE7A-B31F-4CDA-B676-01EAE249D30F}.Debug|Any CPU.ActiveCfg = Debug|Any CPU
		{C7F1BE7A-B31F-4CDA-B676-01EAE249D30F}.Debug|Any CPU.Build.0 = Debug|Any CPU
		{C7F1BE7A-B31F-4CDA-B676-01EAE249D30F}.Release|Any CPU.ActiveCfg = Release|Any CPU
		{C7F1BE7A-B31F-4CDA-B676-01EAE249D30F}.Release|Any CPU.Build.0 = Release|Any CPU
		{6F6F871F-83F4-4B57-8D79-D6D84CC03826}.Debug|Any CPU.ActiveCfg = Debug|Any CPU
		{6F6F871F-83F4-4B57-8D79-D6D84CC03826}.Debug|Any CPU.Build.0 = Debug|Any CPU
		{6F6F871F-83F4-4B57-8D79-D6D84CC03826}.Release|Any CPU.ActiveCfg = Release|Any CPU
		{6F6F871F-83F4-4B57-8D79-D6D84CC03826}.Release|Any CPU.Build.0 = Release|Any CPU
		{2B916795-0C30-4738-B744-31B413BBF756}.Debug|Any CPU.ActiveCfg = Debug|Any CPU
		{2B916795-0C30-4738-B744-31B413BBF756}.Debug|Any CPU.Build.0 = Debug|Any CPU
		{2B916795-0C30-4738-B744-31B413BBF756}.Release|Any CPU.ActiveCfg = Release|Any CPU
		{2B916795-0C30-4738-B744-31B413BBF756}.Release|Any CPU.Build.0 = Release|Any CPU
		{8B295F8F-CD86-4F4C-8DD5-DC7208B7B852}.Debug|Any CPU.ActiveCfg = Debug|Any CPU
		{8B295F8F-CD86-4F4C-8DD5-DC7208B7B852}.Debug|Any CPU.Build.0 = Debug|Any CPU
		{8B295F8F-CD86-4F4C-8DD5-DC7208B7B852}.Release|Any CPU.ActiveCfg = Release|Any CPU
		{8B295F8F-CD86-4F4C-8DD5-DC7208B7B852}.Release|Any CPU.Build.0 = Release|Any CPU
		{63E569BF-2804-43DD-B635-E3DCF67A2EF8}.Debug|Any CPU.ActiveCfg = Debug|Any CPU
		{63E569BF-2804-43DD-B635-E3DCF67A2EF8}.Debug|Any CPU.Build.0 = Debug|Any CPU
		{63E569BF-2804-43DD-B635-E3DCF67A2EF8}.Release|Any CPU.ActiveCfg = Release|Any CPU
		{63E569BF-2804-43DD-B635-E3DCF67A2EF8}.Release|Any CPU.Build.0 = Release|Any CPU
		{99816916-3FB3-426D-9EED-70B5442959D1}.Debug|Any CPU.ActiveCfg = Debug|Any CPU
		{99816916-3FB3-426D-9EED-70B5442959D1}.Debug|Any CPU.Build.0 = Debug|Any CPU
		{99816916-3FB3-426D-9EED-70B5442959D1}.Release|Any CPU.ActiveCfg = Release|Any CPU
		{99816916-3FB3-426D-9EED-70B5442959D1}.Release|Any CPU.Build.0 = Release|Any CPU
		{511484EE-9FD7-45AE-91C1-C2CC37E67FB3}.Debug|Any CPU.ActiveCfg = Debug|Any CPU
		{511484EE-9FD7-45AE-91C1-C2CC37E67FB3}.Debug|Any CPU.Build.0 = Debug|Any CPU
		{511484EE-9FD7-45AE-91C1-C2CC37E67FB3}.Release|Any CPU.ActiveCfg = Release|Any CPU
		{511484EE-9FD7-45AE-91C1-C2CC37E67FB3}.Release|Any CPU.Build.0 = Release|Any CPU
		{F7B0ABFF-7A3F-495A-934B-45306EBA70D3}.Debug|Any CPU.ActiveCfg = Debug|Any CPU
		{F7B0ABFF-7A3F-495A-934B-45306EBA70D3}.Debug|Any CPU.Build.0 = Debug|Any CPU
		{F7B0ABFF-7A3F-495A-934B-45306EBA70D3}.Release|Any CPU.ActiveCfg = Release|Any CPU
		{F7B0ABFF-7A3F-495A-934B-45306EBA70D3}.Release|Any CPU.Build.0 = Release|Any CPU
		{5B986B6F-8F06-4873-9261-5A985F220E56}.Debug|Any CPU.ActiveCfg = Debug|Any CPU
		{5B986B6F-8F06-4873-9261-5A985F220E56}.Debug|Any CPU.Build.0 = Debug|Any CPU
		{5B986B6F-8F06-4873-9261-5A985F220E56}.Release|Any CPU.ActiveCfg = Release|Any CPU
		{5B986B6F-8F06-4873-9261-5A985F220E56}.Release|Any CPU.Build.0 = Release|Any CPU
		{267A2AEE-1798-4B49-B774-12C8F7CF9F78}.Debug|Any CPU.ActiveCfg = Debug|Any CPU
		{267A2AEE-1798-4B49-B774-12C8F7CF9F78}.Debug|Any CPU.Build.0 = Debug|Any CPU
		{267A2AEE-1798-4B49-B774-12C8F7CF9F78}.Release|Any CPU.ActiveCfg = Release|Any CPU
		{267A2AEE-1798-4B49-B774-12C8F7CF9F78}.Release|Any CPU.Build.0 = Release|Any CPU
		{E904FF8F-821E-44C1-A827-6C8635C2632C}.Debug|Any CPU.ActiveCfg = Debug|Any CPU
		{E904FF8F-821E-44C1-A827-6C8635C2632C}.Debug|Any CPU.Build.0 = Debug|Any CPU
		{E904FF8F-821E-44C1-A827-6C8635C2632C}.Release|Any CPU.ActiveCfg = Release|Any CPU
		{E904FF8F-821E-44C1-A827-6C8635C2632C}.Release|Any CPU.Build.0 = Release|Any CPU
		{318D693C-8BB9-4146-AC1E-AB80666A57B9}.Debug|Any CPU.ActiveCfg = Debug|Any CPU
		{318D693C-8BB9-4146-AC1E-AB80666A57B9}.Debug|Any CPU.Build.0 = Debug|Any CPU
		{318D693C-8BB9-4146-AC1E-AB80666A57B9}.Release|Any CPU.ActiveCfg = Release|Any CPU
		{318D693C-8BB9-4146-AC1E-AB80666A57B9}.Release|Any CPU.Build.0 = Release|Any CPU
		{16EA7D29-F7DE-4F04-AFBF-4F09EE6ABE03}.Debug|Any CPU.ActiveCfg = Debug|Any CPU
		{16EA7D29-F7DE-4F04-AFBF-4F09EE6ABE03}.Debug|Any CPU.Build.0 = Debug|Any CPU
		{16EA7D29-F7DE-4F04-AFBF-4F09EE6ABE03}.Release|Any CPU.ActiveCfg = Release|Any CPU
		{16EA7D29-F7DE-4F04-AFBF-4F09EE6ABE03}.Release|Any CPU.Build.0 = Release|Any CPU
		{E9AE727E-1285-4A51-83D4-B7EDE55EDBF3}.Debug|Any CPU.ActiveCfg = Debug|Any CPU
		{E9AE727E-1285-4A51-83D4-B7EDE55EDBF3}.Debug|Any CPU.Build.0 = Debug|Any CPU
		{E9AE727E-1285-4A51-83D4-B7EDE55EDBF3}.Release|Any CPU.ActiveCfg = Release|Any CPU
		{E9AE727E-1285-4A51-83D4-B7EDE55EDBF3}.Release|Any CPU.Build.0 = Release|Any CPU
		{88B9F214-00A2-44F4-9DC2-EBABBA390F69}.Debug|Any CPU.ActiveCfg = Debug|Any CPU
		{88B9F214-00A2-44F4-9DC2-EBABBA390F69}.Debug|Any CPU.Build.0 = Debug|Any CPU
		{88B9F214-00A2-44F4-9DC2-EBABBA390F69}.Release|Any CPU.ActiveCfg = Release|Any CPU
		{88B9F214-00A2-44F4-9DC2-EBABBA390F69}.Release|Any CPU.Build.0 = Release|Any CPU
		{101EA6DB-5859-4F65-A29A-A7885B8D42F9}.Debug|Any CPU.ActiveCfg = Debug|Any CPU
		{101EA6DB-5859-4F65-A29A-A7885B8D42F9}.Debug|Any CPU.Build.0 = Debug|Any CPU
		{101EA6DB-5859-4F65-A29A-A7885B8D42F9}.Release|Any CPU.ActiveCfg = Release|Any CPU
		{101EA6DB-5859-4F65-A29A-A7885B8D42F9}.Release|Any CPU.Build.0 = Release|Any CPU
		{B487A86B-0836-4335-A371-95C3EC6A96B8}.Debug|Any CPU.ActiveCfg = Debug|Any CPU
		{B487A86B-0836-4335-A371-95C3EC6A96B8}.Debug|Any CPU.Build.0 = Debug|Any CPU
		{B487A86B-0836-4335-A371-95C3EC6A96B8}.Release|Any CPU.ActiveCfg = Release|Any CPU
		{B487A86B-0836-4335-A371-95C3EC6A96B8}.Release|Any CPU.Build.0 = Release|Any CPU
		{C58360CF-D8A8-4FE3-B454-ECCF436F9AD0}.Debug|Any CPU.ActiveCfg = Debug|Any CPU
		{C58360CF-D8A8-4FE3-B454-ECCF436F9AD0}.Debug|Any CPU.Build.0 = Debug|Any CPU
		{C58360CF-D8A8-4FE3-B454-ECCF436F9AD0}.Release|Any CPU.ActiveCfg = Release|Any CPU
		{C58360CF-D8A8-4FE3-B454-ECCF436F9AD0}.Release|Any CPU.Build.0 = Release|Any CPU
		{EB14E7AD-33B8-4445-9FF6-A0446B6A5024}.Debug|Any CPU.ActiveCfg = Debug|Any CPU
		{EB14E7AD-33B8-4445-9FF6-A0446B6A5024}.Debug|Any CPU.Build.0 = Debug|Any CPU
		{EB14E7AD-33B8-4445-9FF6-A0446B6A5024}.Release|Any CPU.ActiveCfg = Release|Any CPU
		{EB14E7AD-33B8-4445-9FF6-A0446B6A5024}.Release|Any CPU.Build.0 = Release|Any CPU
		{9B07722A-DABE-4A90-878B-4E907C48B473}.Debug|Any CPU.ActiveCfg = Debug|Any CPU
		{9B07722A-DABE-4A90-878B-4E907C48B473}.Debug|Any CPU.Build.0 = Debug|Any CPU
		{9B07722A-DABE-4A90-878B-4E907C48B473}.Release|Any CPU.ActiveCfg = Release|Any CPU
		{9B07722A-DABE-4A90-878B-4E907C48B473}.Release|Any CPU.Build.0 = Release|Any CPU
		{89F94DAF-DCC1-437B-AAA0-0C4F38D6FEA0}.Debug|Any CPU.ActiveCfg = Debug|Any CPU
		{89F94DAF-DCC1-437B-AAA0-0C4F38D6FEA0}.Debug|Any CPU.Build.0 = Debug|Any CPU
		{89F94DAF-DCC1-437B-AAA0-0C4F38D6FEA0}.Release|Any CPU.ActiveCfg = Release|Any CPU
		{89F94DAF-DCC1-437B-AAA0-0C4F38D6FEA0}.Release|Any CPU.Build.0 = Release|Any CPU
		{29BA94EF-3670-44D4-B402-20CDB268C182}.Debug|Any CPU.ActiveCfg = Debug|Any CPU
		{29BA94EF-3670-44D4-B402-20CDB268C182}.Debug|Any CPU.Build.0 = Debug|Any CPU
		{29BA94EF-3670-44D4-B402-20CDB268C182}.Release|Any CPU.ActiveCfg = Release|Any CPU
		{29BA94EF-3670-44D4-B402-20CDB268C182}.Release|Any CPU.Build.0 = Release|Any CPU
		{323501AF-7EFB-4E65-9EA2-67DC76DC1902}.Debug|Any CPU.ActiveCfg = Debug|Any CPU
		{323501AF-7EFB-4E65-9EA2-67DC76DC1902}.Debug|Any CPU.Build.0 = Debug|Any CPU
		{323501AF-7EFB-4E65-9EA2-67DC76DC1902}.Release|Any CPU.ActiveCfg = Release|Any CPU
		{323501AF-7EFB-4E65-9EA2-67DC76DC1902}.Release|Any CPU.Build.0 = Release|Any CPU
		{DE2DED55-F864-4708-8720-EBCBDC60FCB3}.Debug|Any CPU.ActiveCfg = Debug|Any CPU
		{DE2DED55-F864-4708-8720-EBCBDC60FCB3}.Debug|Any CPU.Build.0 = Debug|Any CPU
		{DE2DED55-F864-4708-8720-EBCBDC60FCB3}.Release|Any CPU.ActiveCfg = Release|Any CPU
		{DE2DED55-F864-4708-8720-EBCBDC60FCB3}.Release|Any CPU.Build.0 = Release|Any CPU
		{CEBCCB36-3EAE-414E-97CA-E011ACE912C7}.Debug|Any CPU.ActiveCfg = Debug|Any CPU
		{CEBCCB36-3EAE-414E-97CA-E011ACE912C7}.Debug|Any CPU.Build.0 = Debug|Any CPU
		{CEBCCB36-3EAE-414E-97CA-E011ACE912C7}.Release|Any CPU.ActiveCfg = Release|Any CPU
		{CEBCCB36-3EAE-414E-97CA-E011ACE912C7}.Release|Any CPU.Build.0 = Release|Any CPU
		{87EC5A79-8893-4CB4-BEE7-DB8E2AB4F14B}.Debug|Any CPU.ActiveCfg = Debug|Any CPU
		{87EC5A79-8893-4CB4-BEE7-DB8E2AB4F14B}.Debug|Any CPU.Build.0 = Debug|Any CPU
		{87EC5A79-8893-4CB4-BEE7-DB8E2AB4F14B}.Release|Any CPU.ActiveCfg = Release|Any CPU
		{87EC5A79-8893-4CB4-BEE7-DB8E2AB4F14B}.Release|Any CPU.Build.0 = Release|Any CPU
		{EBBD6846-D7D3-4911-AAA8-A21190CE66EE}.Debug|Any CPU.ActiveCfg = Debug|Any CPU
		{EBBD6846-D7D3-4911-AAA8-A21190CE66EE}.Debug|Any CPU.Build.0 = Debug|Any CPU
		{EBBD6846-D7D3-4911-AAA8-A21190CE66EE}.Release|Any CPU.ActiveCfg = Release|Any CPU
		{EBBD6846-D7D3-4911-AAA8-A21190CE66EE}.Release|Any CPU.Build.0 = Release|Any CPU
		{A78E9790-90BA-4AB7-832F-37C0A68D1DE2}.Debug|Any CPU.ActiveCfg = Debug|Any CPU
		{A78E9790-90BA-4AB7-832F-37C0A68D1DE2}.Debug|Any CPU.Build.0 = Debug|Any CPU
		{A78E9790-90BA-4AB7-832F-37C0A68D1DE2}.Release|Any CPU.ActiveCfg = Release|Any CPU
		{A78E9790-90BA-4AB7-832F-37C0A68D1DE2}.Release|Any CPU.Build.0 = Release|Any CPU
		{3712F184-C962-47F0-B69B-4C1DAD7409D5}.Debug|Any CPU.ActiveCfg = Debug|Any CPU
		{3712F184-C962-47F0-B69B-4C1DAD7409D5}.Debug|Any CPU.Build.0 = Debug|Any CPU
		{3712F184-C962-47F0-B69B-4C1DAD7409D5}.Release|Any CPU.ActiveCfg = Release|Any CPU
		{3712F184-C962-47F0-B69B-4C1DAD7409D5}.Release|Any CPU.Build.0 = Release|Any CPU
		{7147A3AD-65DE-4B06-A17A-592989A77E89}.Debug|Any CPU.ActiveCfg = Debug|Any CPU
		{7147A3AD-65DE-4B06-A17A-592989A77E89}.Debug|Any CPU.Build.0 = Debug|Any CPU
		{7147A3AD-65DE-4B06-A17A-592989A77E89}.Release|Any CPU.ActiveCfg = Release|Any CPU
		{7147A3AD-65DE-4B06-A17A-592989A77E89}.Release|Any CPU.Build.0 = Release|Any CPU
		{387E0D77-3F72-43F9-99BF-D6313ABC6FA1}.Debug|Any CPU.ActiveCfg = Debug|Any CPU
		{387E0D77-3F72-43F9-99BF-D6313ABC6FA1}.Debug|Any CPU.Build.0 = Debug|Any CPU
		{387E0D77-3F72-43F9-99BF-D6313ABC6FA1}.Release|Any CPU.ActiveCfg = Release|Any CPU
		{387E0D77-3F72-43F9-99BF-D6313ABC6FA1}.Release|Any CPU.Build.0 = Release|Any CPU
		{8425A60E-1E19-4C86-9564-1D81BE31775C}.Debug|Any CPU.ActiveCfg = Debug|Any CPU
		{8425A60E-1E19-4C86-9564-1D81BE31775C}.Debug|Any CPU.Build.0 = Debug|Any CPU
		{8425A60E-1E19-4C86-9564-1D81BE31775C}.Release|Any CPU.ActiveCfg = Release|Any CPU
		{8425A60E-1E19-4C86-9564-1D81BE31775C}.Release|Any CPU.Build.0 = Release|Any CPU
		{942FACAA-5508-4FB3-AA1A-49845EB16BFC}.Debug|Any CPU.ActiveCfg = Debug|Any CPU
		{942FACAA-5508-4FB3-AA1A-49845EB16BFC}.Debug|Any CPU.Build.0 = Debug|Any CPU
		{942FACAA-5508-4FB3-AA1A-49845EB16BFC}.Release|Any CPU.ActiveCfg = Release|Any CPU
		{942FACAA-5508-4FB3-AA1A-49845EB16BFC}.Release|Any CPU.Build.0 = Release|Any CPU
		{E6444573-9F8A-40BB-8F3E-3612ED3BFC3A}.Debug|Any CPU.ActiveCfg = Debug|Any CPU
		{E6444573-9F8A-40BB-8F3E-3612ED3BFC3A}.Debug|Any CPU.Build.0 = Debug|Any CPU
		{E6444573-9F8A-40BB-8F3E-3612ED3BFC3A}.Release|Any CPU.ActiveCfg = Release|Any CPU
		{E6444573-9F8A-40BB-8F3E-3612ED3BFC3A}.Release|Any CPU.Build.0 = Release|Any CPU
		{C6201701-772F-4F8A-9145-4512E6850773}.Debug|Any CPU.ActiveCfg = Debug|Any CPU
		{C6201701-772F-4F8A-9145-4512E6850773}.Debug|Any CPU.Build.0 = Debug|Any CPU
		{C6201701-772F-4F8A-9145-4512E6850773}.Release|Any CPU.ActiveCfg = Release|Any CPU
		{C6201701-772F-4F8A-9145-4512E6850773}.Release|Any CPU.Build.0 = Release|Any CPU
		{F69D0046-97BC-4862-AC43-DF0131A0AAD6}.Debug|Any CPU.ActiveCfg = Debug|Any CPU
		{F69D0046-97BC-4862-AC43-DF0131A0AAD6}.Debug|Any CPU.Build.0 = Debug|Any CPU
		{F69D0046-97BC-4862-AC43-DF0131A0AAD6}.Release|Any CPU.ActiveCfg = Release|Any CPU
		{F69D0046-97BC-4862-AC43-DF0131A0AAD6}.Release|Any CPU.Build.0 = Release|Any CPU
		{784F0116-CD9E-449F-977F-6FEC7616A855}.Debug|Any CPU.ActiveCfg = Debug|Any CPU
		{784F0116-CD9E-449F-977F-6FEC7616A855}.Debug|Any CPU.Build.0 = Debug|Any CPU
		{784F0116-CD9E-449F-977F-6FEC7616A855}.Release|Any CPU.ActiveCfg = Release|Any CPU
		{784F0116-CD9E-449F-977F-6FEC7616A855}.Release|Any CPU.Build.0 = Release|Any CPU
		{02929E60-922F-4CC3-9277-2FD597B89BE0}.Debug|Any CPU.ActiveCfg = Debug|Any CPU
		{02929E60-922F-4CC3-9277-2FD597B89BE0}.Debug|Any CPU.Build.0 = Debug|Any CPU
		{02929E60-922F-4CC3-9277-2FD597B89BE0}.Release|Any CPU.ActiveCfg = Release|Any CPU
		{02929E60-922F-4CC3-9277-2FD597B89BE0}.Release|Any CPU.Build.0 = Release|Any CPU
		{CBEACBFF-5FF0-4367-8F20-42D496A5CDC8}.Debug|Any CPU.ActiveCfg = Debug|Any CPU
		{CBEACBFF-5FF0-4367-8F20-42D496A5CDC8}.Debug|Any CPU.Build.0 = Debug|Any CPU
		{CBEACBFF-5FF0-4367-8F20-42D496A5CDC8}.Release|Any CPU.ActiveCfg = Release|Any CPU
		{CBEACBFF-5FF0-4367-8F20-42D496A5CDC8}.Release|Any CPU.Build.0 = Release|Any CPU
		{4BFDB7AE-26C6-499D-9198-0221CCFE2E98}.Debug|Any CPU.ActiveCfg = Debug|Any CPU
		{4BFDB7AE-26C6-499D-9198-0221CCFE2E98}.Debug|Any CPU.Build.0 = Debug|Any CPU
		{4BFDB7AE-26C6-499D-9198-0221CCFE2E98}.Release|Any CPU.ActiveCfg = Release|Any CPU
		{4BFDB7AE-26C6-499D-9198-0221CCFE2E98}.Release|Any CPU.Build.0 = Release|Any CPU
		{F000B1B4-6D41-4826-AF49-873504B63AA8}.Debug|Any CPU.ActiveCfg = Debug|Any CPU
		{F000B1B4-6D41-4826-AF49-873504B63AA8}.Debug|Any CPU.Build.0 = Debug|Any CPU
		{F000B1B4-6D41-4826-AF49-873504B63AA8}.Release|Any CPU.ActiveCfg = Release|Any CPU
		{F000B1B4-6D41-4826-AF49-873504B63AA8}.Release|Any CPU.Build.0 = Release|Any CPU
		{1BDC877D-9A03-469C-B29E-C7B896432B4D}.Debug|Any CPU.ActiveCfg = Debug|Any CPU
		{1BDC877D-9A03-469C-B29E-C7B896432B4D}.Debug|Any CPU.Build.0 = Debug|Any CPU
		{1BDC877D-9A03-469C-B29E-C7B896432B4D}.Release|Any CPU.ActiveCfg = Release|Any CPU
		{1BDC877D-9A03-469C-B29E-C7B896432B4D}.Release|Any CPU.Build.0 = Release|Any CPU
		{0FA6F2BA-F552-4A3A-9E9B-FB363A5BD890}.Debug|Any CPU.ActiveCfg = Debug|Any CPU
		{0FA6F2BA-F552-4A3A-9E9B-FB363A5BD890}.Debug|Any CPU.Build.0 = Debug|Any CPU
		{0FA6F2BA-F552-4A3A-9E9B-FB363A5BD890}.Release|Any CPU.ActiveCfg = Release|Any CPU
		{0FA6F2BA-F552-4A3A-9E9B-FB363A5BD890}.Release|Any CPU.Build.0 = Release|Any CPU
		{B29BA46C-9B54-4672-9452-7C15140CE5FD}.Debug|Any CPU.ActiveCfg = Debug|Any CPU
		{B29BA46C-9B54-4672-9452-7C15140CE5FD}.Debug|Any CPU.Build.0 = Debug|Any CPU
		{B29BA46C-9B54-4672-9452-7C15140CE5FD}.Release|Any CPU.ActiveCfg = Release|Any CPU
		{B29BA46C-9B54-4672-9452-7C15140CE5FD}.Release|Any CPU.Build.0 = Release|Any CPU
		{C4C15DBD-EC22-44A1-8D5B-F9B64341F2EA}.Debug|Any CPU.ActiveCfg = Debug|Any CPU
		{C4C15DBD-EC22-44A1-8D5B-F9B64341F2EA}.Debug|Any CPU.Build.0 = Debug|Any CPU
		{C4C15DBD-EC22-44A1-8D5B-F9B64341F2EA}.Release|Any CPU.ActiveCfg = Release|Any CPU
		{C4C15DBD-EC22-44A1-8D5B-F9B64341F2EA}.Release|Any CPU.Build.0 = Release|Any CPU
		{17DE0F9F-03DD-4639-83AE-7B4F24BDD104}.Debug|Any CPU.ActiveCfg = Debug|Any CPU
		{17DE0F9F-03DD-4639-83AE-7B4F24BDD104}.Debug|Any CPU.Build.0 = Debug|Any CPU
		{17DE0F9F-03DD-4639-83AE-7B4F24BDD104}.Release|Any CPU.ActiveCfg = Release|Any CPU
		{17DE0F9F-03DD-4639-83AE-7B4F24BDD104}.Release|Any CPU.Build.0 = Release|Any CPU
		{03AFF239-3847-4ED7-80F0-F6AE3968CFA3}.Debug|Any CPU.ActiveCfg = Debug|Any CPU
		{03AFF239-3847-4ED7-80F0-F6AE3968CFA3}.Debug|Any CPU.Build.0 = Debug|Any CPU
		{03AFF239-3847-4ED7-80F0-F6AE3968CFA3}.Release|Any CPU.ActiveCfg = Release|Any CPU
		{03AFF239-3847-4ED7-80F0-F6AE3968CFA3}.Release|Any CPU.Build.0 = Release|Any CPU
		{2A2AEAAC-3D78-4286-8761-3230F0233070}.Debug|Any CPU.ActiveCfg = Debug|Any CPU
		{2A2AEAAC-3D78-4286-8761-3230F0233070}.Debug|Any CPU.Build.0 = Debug|Any CPU
		{2A2AEAAC-3D78-4286-8761-3230F0233070}.Release|Any CPU.ActiveCfg = Release|Any CPU
		{2A2AEAAC-3D78-4286-8761-3230F0233070}.Release|Any CPU.Build.0 = Release|Any CPU
		{7891D149-A1EE-47D2-B5E8-940FD6AE9162}.Debug|Any CPU.ActiveCfg = Debug|Any CPU
		{7891D149-A1EE-47D2-B5E8-940FD6AE9162}.Debug|Any CPU.Build.0 = Debug|Any CPU
		{7891D149-A1EE-47D2-B5E8-940FD6AE9162}.Release|Any CPU.ActiveCfg = Release|Any CPU
		{7891D149-A1EE-47D2-B5E8-940FD6AE9162}.Release|Any CPU.Build.0 = Release|Any CPU
		{0ADCF33F-F9B5-47C2-A4CC-8723D88C7EA0}.Debug|Any CPU.ActiveCfg = Debug|Any CPU
		{0ADCF33F-F9B5-47C2-A4CC-8723D88C7EA0}.Debug|Any CPU.Build.0 = Debug|Any CPU
		{0ADCF33F-F9B5-47C2-A4CC-8723D88C7EA0}.Release|Any CPU.ActiveCfg = Release|Any CPU
		{0ADCF33F-F9B5-47C2-A4CC-8723D88C7EA0}.Release|Any CPU.Build.0 = Release|Any CPU
		{B10BB7A9-7E9C-42C0-890D-AB8E5DEEC8F4}.Debug|Any CPU.ActiveCfg = Debug|Any CPU
		{B10BB7A9-7E9C-42C0-890D-AB8E5DEEC8F4}.Debug|Any CPU.Build.0 = Debug|Any CPU
		{B10BB7A9-7E9C-42C0-890D-AB8E5DEEC8F4}.Release|Any CPU.ActiveCfg = Release|Any CPU
		{B10BB7A9-7E9C-42C0-890D-AB8E5DEEC8F4}.Release|Any CPU.Build.0 = Release|Any CPU
		{B517AD44-4106-40D2-9D90-342619FA08E2}.Debug|Any CPU.ActiveCfg = Debug|Any CPU
		{B517AD44-4106-40D2-9D90-342619FA08E2}.Debug|Any CPU.Build.0 = Debug|Any CPU
		{B517AD44-4106-40D2-9D90-342619FA08E2}.Release|Any CPU.ActiveCfg = Release|Any CPU
		{B517AD44-4106-40D2-9D90-342619FA08E2}.Release|Any CPU.Build.0 = Release|Any CPU
		{BB5D0B10-8AE1-4007-8246-06377DEC0671}.Debug|Any CPU.ActiveCfg = Debug|Any CPU
		{BB5D0B10-8AE1-4007-8246-06377DEC0671}.Debug|Any CPU.Build.0 = Debug|Any CPU
		{BB5D0B10-8AE1-4007-8246-06377DEC0671}.Release|Any CPU.ActiveCfg = Release|Any CPU
		{BB5D0B10-8AE1-4007-8246-06377DEC0671}.Release|Any CPU.Build.0 = Release|Any CPU
		{AF2C7F69-D860-47E3-9736-C485C8D0130D}.Debug|Any CPU.ActiveCfg = Debug|Any CPU
		{AF2C7F69-D860-47E3-9736-C485C8D0130D}.Debug|Any CPU.Build.0 = Debug|Any CPU
		{AF2C7F69-D860-47E3-9736-C485C8D0130D}.Release|Any CPU.ActiveCfg = Release|Any CPU
		{AF2C7F69-D860-47E3-9736-C485C8D0130D}.Release|Any CPU.Build.0 = Release|Any CPU
		{CD20B2DF-5C0D-430A-936D-3920AB888D09}.Debug|Any CPU.ActiveCfg = Debug|Any CPU
		{CD20B2DF-5C0D-430A-936D-3920AB888D09}.Debug|Any CPU.Build.0 = Debug|Any CPU
		{CD20B2DF-5C0D-430A-936D-3920AB888D09}.Release|Any CPU.ActiveCfg = Release|Any CPU
		{CD20B2DF-5C0D-430A-936D-3920AB888D09}.Release|Any CPU.Build.0 = Release|Any CPU
		{9BD1F4C1-C3A0-4569-99E9-965B26BB5C5E}.Debug|Any CPU.ActiveCfg = Debug|Any CPU
		{9BD1F4C1-C3A0-4569-99E9-965B26BB5C5E}.Debug|Any CPU.Build.0 = Debug|Any CPU
		{9BD1F4C1-C3A0-4569-99E9-965B26BB5C5E}.Release|Any CPU.ActiveCfg = Release|Any CPU
		{9BD1F4C1-C3A0-4569-99E9-965B26BB5C5E}.Release|Any CPU.Build.0 = Release|Any CPU
	EndGlobalSection
	GlobalSection(SolutionProperties) = preSolution
		HideSolutionNode = FALSE
	EndGlobalSection
	GlobalSection(NestedProjects) = preSolution
		{C29B7D71-C419-4242-AFE6-DBEE9012A163} = {1FCC4363-3DA1-40A7-BD8D-C719843B122C}
		{F7DBF844-D3F3-4D04-8CA5-F54E24EDD16B} = {1FCC4363-3DA1-40A7-BD8D-C719843B122C}
		{88D9455A-AC85-4EE6-BC88-948CBFA72CE0} = {1FCC4363-3DA1-40A7-BD8D-C719843B122C}
		{1FCF400E-B5BB-4147-A1FD-6F5B4B54CCED} = {1FCC4363-3DA1-40A7-BD8D-C719843B122C}
		{667A27CE-E8B3-4353-8607-4089581C264E} = {1FCC4363-3DA1-40A7-BD8D-C719843B122C}
		{C1A81ECE-0538-412B-B98F-62D6683FC96E} = {1FCC4363-3DA1-40A7-BD8D-C719843B122C}
		{4272E2E8-522A-4025-BD52-1FFBBC852151} = {1FCC4363-3DA1-40A7-BD8D-C719843B122C}
		{4637DEA2-3C2F-4C72-91EC-699E49B85EEF} = {1FCC4363-3DA1-40A7-BD8D-C719843B122C}
		{463AD3AC-574C-427E-9334-0CA86CC8D1D3} = {1FCC4363-3DA1-40A7-BD8D-C719843B122C}
		{2783E992-4934-4609-B80F-1E8E43A102F8} = {1FCC4363-3DA1-40A7-BD8D-C719843B122C}
		{9997096C-0D63-4BC5-881D-63559B696E76} = {A2D33ADA-E29E-4990-ABCA-1A3CEB7DC0DA}
		{D48EFD58-AAB4-4FA1-A469-606B022CB595} = {A2D33ADA-E29E-4990-ABCA-1A3CEB7DC0DA}
		{D443E0BC-18C8-4D5F-A129-21EABEE1745A} = {A2D33ADA-E29E-4990-ABCA-1A3CEB7DC0DA}
		{C8849B0C-2776-4506-9099-C1A252672B80} = {2D10DB3E-F105-44EC-A787-D6141DBAA7FB}
		{210C7C34-96D5-4B93-9518-E1CF00F9F730} = {2D10DB3E-F105-44EC-A787-D6141DBAA7FB}
		{22FA1C06-E10A-43D2-BBDC-63A534546D41} = {2D10DB3E-F105-44EC-A787-D6141DBAA7FB}
		{66705930-20B3-404E-8A11-CD1847B1A743} = {2D10DB3E-F105-44EC-A787-D6141DBAA7FB}
		{C3CC1459-AD01-4A74-B2DE-1BCBD18D569D} = {2D10DB3E-F105-44EC-A787-D6141DBAA7FB}
		{148F0D2A-449D-4D9B-BBE0-F2A6F8868E4B} = {2D10DB3E-F105-44EC-A787-D6141DBAA7FB}
		{FBFA89C6-22D7-4203-B75D-3FD8F5A0CA1B} = {2D10DB3E-F105-44EC-A787-D6141DBAA7FB}
		{250A4CCC-4366-4406-9BD6-7A2C9003BB19} = {2D10DB3E-F105-44EC-A787-D6141DBAA7FB}
		{EC875B3D-F3CD-4D81-A20A-BF7D48DBE32D} = {2D10DB3E-F105-44EC-A787-D6141DBAA7FB}
		{53846708-3F23-469C-8BC9-BD86821FC40D} = {BCA24BE5-09F9-4C5B-980D-CF1A93285DA4}
		{B8FFF425-0BFE-42B7-BE2A-D6F389F9200A} = {BCA24BE5-09F9-4C5B-980D-CF1A93285DA4}
		{0CCFFF5C-CFDB-4A13-B17A-B2B62D516CA6} = {BCA24BE5-09F9-4C5B-980D-CF1A93285DA4}
		{796B03CA-6600-4397-B101-971D4AB56B00} = {BCA24BE5-09F9-4C5B-980D-CF1A93285DA4}
		{C7F1BE7A-B31F-4CDA-B676-01EAE249D30F} = {BCA24BE5-09F9-4C5B-980D-CF1A93285DA4}
		{6F6F871F-83F4-4B57-8D79-D6D84CC03826} = {BCA24BE5-09F9-4C5B-980D-CF1A93285DA4}
		{2B916795-0C30-4738-B744-31B413BBF756} = {BCA24BE5-09F9-4C5B-980D-CF1A93285DA4}
		{8B295F8F-CD86-4F4C-8DD5-DC7208B7B852} = {CE796703-23DE-46DB-BA7A-932DE1A59AE6}
		{63E569BF-2804-43DD-B635-E3DCF67A2EF8} = {CE796703-23DE-46DB-BA7A-932DE1A59AE6}
		{99816916-3FB3-426D-9EED-70B5442959D1} = {CE796703-23DE-46DB-BA7A-932DE1A59AE6}
		{92DCE340-19B3-4221-AFEB-138C05F84508} = {CE796703-23DE-46DB-BA7A-932DE1A59AE6}
		{511484EE-9FD7-45AE-91C1-C2CC37E67FB3} = {92DCE340-19B3-4221-AFEB-138C05F84508}
		{F7B0ABFF-7A3F-495A-934B-45306EBA70D3} = {72DE9619-36B9-4122-BFD3-4DC420CD2F6B}
		{5B986B6F-8F06-4873-9261-5A985F220E56} = {72DE9619-36B9-4122-BFD3-4DC420CD2F6B}
		{267A2AEE-1798-4B49-B774-12C8F7CF9F78} = {2EA05AF1-904F-46B6-AF6C-CAD643E688EC}
		{E904FF8F-821E-44C1-A827-6C8635C2632C} = {D13F1909-8E4B-4C5B-BADC-BF0801FB3223}
		{318D693C-8BB9-4146-AC1E-AB80666A57B9} = {D13F1909-8E4B-4C5B-BADC-BF0801FB3223}
		{16EA7D29-F7DE-4F04-AFBF-4F09EE6ABE03} = {0071B656-0F01-4FB9-8524-F7681B1C8F6A}
		{E9AE727E-1285-4A51-83D4-B7EDE55EDBF3} = {A1B589C1-8A7B-4FA9-B9C6-8460E8A5564A}
		{88B9F214-00A2-44F4-9DC2-EBABBA390F69} = {A1B589C1-8A7B-4FA9-B9C6-8460E8A5564A}
		{101EA6DB-5859-4F65-A29A-A7885B8D42F9} = {A1B589C1-8A7B-4FA9-B9C6-8460E8A5564A}
		{B487A86B-0836-4335-A371-95C3EC6A96B8} = {A1B589C1-8A7B-4FA9-B9C6-8460E8A5564A}
		{C58360CF-D8A8-4FE3-B454-ECCF436F9AD0} = {8AC5C74F-FB45-4B2C-910B-19387F57F262}
		{EB14E7AD-33B8-4445-9FF6-A0446B6A5024} = {8AC5C74F-FB45-4B2C-910B-19387F57F262}
		{9B07722A-DABE-4A90-878B-4E907C48B473} = {8AC5C74F-FB45-4B2C-910B-19387F57F262}
		{89F94DAF-DCC1-437B-AAA0-0C4F38D6FEA0} = {ACE5C78E-76F8-4AE1-82F9-E0B23805D275}
		{29BA94EF-3670-44D4-B402-20CDB268C182} = {432969F7-C154-49D1-B2C5-EFA1C4668421}
		{323501AF-7EFB-4E65-9EA2-67DC76DC1902} = {432969F7-C154-49D1-B2C5-EFA1C4668421}
		{DE2DED55-F864-4708-8720-EBCBDC60FCB3} = {432969F7-C154-49D1-B2C5-EFA1C4668421}
		{CEBCCB36-3EAE-414E-97CA-E011ACE912C7} = {432969F7-C154-49D1-B2C5-EFA1C4668421}
		{87EC5A79-8893-4CB4-BEE7-DB8E2AB4F14B} = {432969F7-C154-49D1-B2C5-EFA1C4668421}
		{EBBD6846-D7D3-4911-AAA8-A21190CE66EE} = {432969F7-C154-49D1-B2C5-EFA1C4668421}
		{A78E9790-90BA-4AB7-832F-37C0A68D1DE2} = {432969F7-C154-49D1-B2C5-EFA1C4668421}
		{3712F184-C962-47F0-B69B-4C1DAD7409D5} = {A36F4264-9BBD-48EF-A875-B4F81DE1DE2D}
		{7147A3AD-65DE-4B06-A17A-592989A77E89} = {A36F4264-9BBD-48EF-A875-B4F81DE1DE2D}
		{387E0D77-3F72-43F9-99BF-D6313ABC6FA1} = {A98D778B-220C-41A5-89A2-2A71330D4358}
		{8425A60E-1E19-4C86-9564-1D81BE31775C} = {A98D778B-220C-41A5-89A2-2A71330D4358}
		{942FACAA-5508-4FB3-AA1A-49845EB16BFC} = {A98D778B-220C-41A5-89A2-2A71330D4358}
		{E6444573-9F8A-40BB-8F3E-3612ED3BFC3A} = {A98D778B-220C-41A5-89A2-2A71330D4358}
		{C6201701-772F-4F8A-9145-4512E6850773} = {3F18701B-F56C-4747-9218-EC78309D5245}
		{F69D0046-97BC-4862-AC43-DF0131A0AAD6} = {3F18701B-F56C-4747-9218-EC78309D5245}
		{784F0116-CD9E-449F-977F-6FEC7616A855} = {3F18701B-F56C-4747-9218-EC78309D5245}
		{02929E60-922F-4CC3-9277-2FD597B89BE0} = {3F18701B-F56C-4747-9218-EC78309D5245}
		{CBEACBFF-5FF0-4367-8F20-42D496A5CDC8} = {3F18701B-F56C-4747-9218-EC78309D5245}
		{4BFDB7AE-26C6-499D-9198-0221CCFE2E98} = {3F18701B-F56C-4747-9218-EC78309D5245}
		{F000B1B4-6D41-4826-AF49-873504B63AA8} = {3F18701B-F56C-4747-9218-EC78309D5245}
		{1BDC877D-9A03-469C-B29E-C7B896432B4D} = {3F18701B-F56C-4747-9218-EC78309D5245}
		{0FA6F2BA-F552-4A3A-9E9B-FB363A5BD890} = {3F18701B-F56C-4747-9218-EC78309D5245}
		{B29BA46C-9B54-4672-9452-7C15140CE5FD} = {552167D1-CEC9-4457-BCCD-F480A04389E9}
		{C4C15DBD-EC22-44A1-8D5B-F9B64341F2EA} = {552167D1-CEC9-4457-BCCD-F480A04389E9}
		{17DE0F9F-03DD-4639-83AE-7B4F24BDD104} = {552167D1-CEC9-4457-BCCD-F480A04389E9}
		{03AFF239-3847-4ED7-80F0-F6AE3968CFA3} = {552167D1-CEC9-4457-BCCD-F480A04389E9}
		{2A2AEAAC-3D78-4286-8761-3230F0233070} = {552167D1-CEC9-4457-BCCD-F480A04389E9}
		{7891D149-A1EE-47D2-B5E8-940FD6AE9162} = {552167D1-CEC9-4457-BCCD-F480A04389E9}
		{0ADCF33F-F9B5-47C2-A4CC-8723D88C7EA0} = {552167D1-CEC9-4457-BCCD-F480A04389E9}
		{B10BB7A9-7E9C-42C0-890D-AB8E5DEEC8F4} = {552167D1-CEC9-4457-BCCD-F480A04389E9}
		{B517AD44-4106-40D2-9D90-342619FA08E2} = {552167D1-CEC9-4457-BCCD-F480A04389E9}
		{BB5D0B10-8AE1-4007-8246-06377DEC0671} = {552167D1-CEC9-4457-BCCD-F480A04389E9}
		{AF2C7F69-D860-47E3-9736-C485C8D0130D} = {D379E4D0-F0D8-45FD-B9C2-6293331DD8F1}
		{CD20B2DF-5C0D-430A-936D-3920AB888D09} = {D379E4D0-F0D8-45FD-B9C2-6293331DD8F1}
		{9BD1F4C1-C3A0-4569-99E9-965B26BB5C5E} = {D379E4D0-F0D8-45FD-B9C2-6293331DD8F1}
	EndGlobalSection
	GlobalSection(ExtensibilityGlobals) = postSolution
		SolutionGuid = {0CFDB083-EA9D-4049-81C8-9447310FCFE5}
	EndGlobalSection
EndGlobal
