
Microsoft Visual Studio Solution File, Format Version 12.00
# Visual Studio Version 17
VisualStudioVersion = 17.0.31919.166
MinimumVisualStudioVersion = 10.0.40219.1
Project("{FAE04EC0-301F-11D3-BF4B-00C04F79EFBC}") = "MethodOverloading", "MethodOverloading\MethodOverloading.csproj", "{C9515776-3699-4450-ADFE-13DE7FF753A6}"
EndProject
Global
	GlobalSection(SolutionConfigurationPlatforms) = preSolution
		Debug|Any CPU = Debug|Any CPU
		Release|Any CPU = Release|Any CPU
	EndGlobalSection
	GlobalSection(ProjectConfigurationPlatforms) = postSolution
		{C9515776-3699-4450-ADFE-13DE7FF753A6}.Debug|Any CPU.ActiveCfg = Debug|Any CPU
		{C9515776-3699-4450-ADFE-13DE7FF753A6}.Debug|Any CPU.Build.0 = Debug|Any CPU
		{C9515776-3699-4450-ADFE-13DE7FF753A6}.Release|Any CPU.ActiveCfg = Release|Any CPU
		{C9515776-3699-4450-ADFE-13DE7FF753A6}.Release|Any CPU.Build.0 = Release|Any CPU
	EndGlobalSection
	GlobalSection(SolutionProperties) = preSolution
		HideSolutionNode = FALSE
	EndGlobalSection
	GlobalSection(ExtensibilityGlobals) = postSolution
		SolutionGuid = {40417522-FB93-4351-BC4C-5BE4D89EA681}
	EndGlobalSection
EndGlobal
